# This file is automatically @generated by Cargo.
# It is not intended for manual editing.
version = 4

[[package]]
name = "artifacts"
version = "0.1.0"

[[package]]
name = "diagnostics"
version = "0.1.0"

[[package]]
name = "discovery"
version = "0.1.0"

[[package]]
name = "executor"
version = "0.1.0"

[[package]]
name = "protocol"
version = "0.1.0"

[[package]]
name = "worker-core"
version = "0.1.0"
